// !$*UTF8*$!
{
	archiveVersion = 1;
	classes = {
	};
	objectVersion = 55;
	objects = {

/* Begin PBXBuildFile section */
		B04284AB27A823D40063F84E /* OnboardingVC.swift in Sources */ = {isa = PBXBuildFile; fileRef = B04284AA27A823D40063F84E /* OnboardingVC.swift */; };
		B04284AD27A842240063F84E /* DummyViewController.swift in Sources */ = {isa = PBXBuildFile; fileRef = B04284AC27A842240063F84E /* DummyViewController.swift */; };
		B04284B027A848CD0063F84E /* LocalState.swift in Sources */ = {isa = PBXBuildFile; fileRef = B04284AF27A848CD0063F84E /* LocalState.swift */; };
		B04284B427A952260063F84E /* UIViewContoller+Utils.swift in Sources */ = {isa = PBXBuildFile; fileRef = B04284B327A952260063F84E /* UIViewContoller+Utils.swift */; };
		B04284B627A954450063F84E /* MainVC.swift in Sources */ = {isa = PBXBuildFile; fileRef = B04284B527A954450063F84E /* MainVC.swift */; };
		B04284B927A969120063F84E /* AccountSummaryVC.swift in Sources */ = {isa = PBXBuildFile; fileRef = B04284B827A969120063F84E /* AccountSummaryVC.swift */; };
		B04284BB27A970B10063F84E /* AccountSummaryHeaderView.swift in Sources */ = {isa = PBXBuildFile; fileRef = B04284BA27A970B10063F84E /* AccountSummaryHeaderView.swift */; };
		B04284BD27A970DE0063F84E /* AccountSummaryHeaderView.xib in Resources */ = {isa = PBXBuildFile; fileRef = B04284BC27A970DE0063F84E /* AccountSummaryHeaderView.xib */; };
		B073891E27AAD008003193EB /* CurrencyFormatter.swift in Sources */ = {isa = PBXBuildFile; fileRef = B073891D27AAD008003193EB /* CurrencyFormatter.swift */; };
		B08913BA27A9888D008E323B /* AccountSummaryCell.swift in Sources */ = {isa = PBXBuildFile; fileRef = B08913B927A9888D008E323B /* AccountSummaryCell.swift */; };
		B08913BD27A9A131008E323B /* ViewModel.swift in Sources */ = {isa = PBXBuildFile; fileRef = B08913BC27A9A131008E323B /* ViewModel.swift */; };
		B08913BF27AAB4D7008E323B /* DecimalUtils.swift in Sources */ = {isa = PBXBuildFile; fileRef = B08913BE27AAB4D7008E323B /* DecimalUtils.swift */; };
		B08913C127AAB538008E323B /* CurrencyFormatter.swift in Sources */ = {isa = PBXBuildFile; fileRef = B08913C027AAB538008E323B /* CurrencyFormatter.swift */; };
		B09CD6C427A445F50091082B /* LoginView.swift in Sources */ = {isa = PBXBuildFile; fileRef = B09CD6C327A445F40091082B /* LoginView.swift */; };
		B0A27BB727A44146005BE7FF /* AppDelegate.swift in Sources */ = {isa = PBXBuildFile; fileRef = B0A27BB627A44146005BE7FF /* AppDelegate.swift */; };
		B0A27BBB27A44146005BE7FF /* LoginVC.swift in Sources */ = {isa = PBXBuildFile; fileRef = B0A27BBA27A44146005BE7FF /* LoginVC.swift */; };
		B0A27BC027A44148005BE7FF /* Assets.xcassets in Resources */ = {isa = PBXBuildFile; fileRef = B0A27BBF27A44148005BE7FF /* Assets.xcassets */; };
		B0A27BC327A44148005BE7FF /* LaunchScreen.storyboard in Resources */ = {isa = PBXBuildFile; fileRef = B0A27BC127A44148005BE7FF /* LaunchScreen.storyboard */; };
		B0DEA3EB27A8194F00AFC0A2 /* OnboardingContainerVC.swift in Sources */ = {isa = PBXBuildFile; fileRef = B0DEA3EA27A8194F00AFC0A2 /* OnboardingContainerVC.swift */; };
/* End PBXBuildFile section */

/* Begin PBXContainerItemProxy section */
		B08913CA27AACCAE008E323B /* PBXContainerItemProxy */ = {
			isa = PBXContainerItemProxy;
			containerPortal = B0A27BAB27A44146005BE7FF /* Project object */;
			proxyType = 1;
			remoteGlobalIDString = B0A27BB227A44146005BE7FF;
			remoteInfo = Bankey;
		};
/* End PBXContainerItemProxy section */

/* Begin PBXFileReference section */
		B04284AA27A823D40063F84E /* OnboardingVC.swift */ = {isa = PBXFileReference; lastKnownFileType = sourcecode.swift; path = OnboardingVC.swift; sourceTree = "<group>"; };
		B04284AC27A842240063F84E /* DummyViewController.swift */ = {isa = PBXFileReference; lastKnownFileType = sourcecode.swift; path = DummyViewController.swift; sourceTree = "<group>"; };
		B04284AF27A848CD0063F84E /* LocalState.swift */ = {isa = PBXFileReference; lastKnownFileType = sourcecode.swift; path = LocalState.swift; sourceTree = "<group>"; };
		B04284B327A952260063F84E /* UIViewContoller+Utils.swift */ = {isa = PBXFileReference; lastKnownFileType = sourcecode.swift; path = "UIViewContoller+Utils.swift"; sourceTree = "<group>"; };
		B04284B527A954450063F84E /* MainVC.swift */ = {isa = PBXFileReference; lastKnownFileType = sourcecode.swift; path = MainVC.swift; sourceTree = "<group>"; };
		B04284B827A969120063F84E /* AccountSummaryVC.swift */ = {isa = PBXFileReference; lastKnownFileType = sourcecode.swift; path = AccountSummaryVC.swift; sourceTree = "<group>"; };
		B04284BA27A970B10063F84E /* AccountSummaryHeaderView.swift */ = {isa = PBXFileReference; lastKnownFileType = sourcecode.swift; path = AccountSummaryHeaderView.swift; sourceTree = "<group>"; };
		B04284BC27A970DE0063F84E /* AccountSummaryHeaderView.xib */ = {isa = PBXFileReference; lastKnownFileType = file.xib; path = AccountSummaryHeaderView.xib; sourceTree = "<group>"; };
		B073891D27AAD008003193EB /* CurrencyFormatter.swift */ = {isa = PBXFileReference; lastKnownFileType = sourcecode.swift; path = CurrencyFormatter.swift; sourceTree = "<group>"; };
		B08913B927A9888D008E323B /* AccountSummaryCell.swift */ = {isa = PBXFileReference; lastKnownFileType = sourcecode.swift; path = AccountSummaryCell.swift; sourceTree = "<group>"; };
		B08913BC27A9A131008E323B /* ViewModel.swift */ = {isa = PBXFileReference; lastKnownFileType = sourcecode.swift; path = ViewModel.swift; sourceTree = "<group>"; };
		B08913BE27AAB4D7008E323B /* DecimalUtils.swift */ = {isa = PBXFileReference; lastKnownFileType = sourcecode.swift; path = DecimalUtils.swift; sourceTree = "<group>"; };
		B08913C027AAB538008E323B /* CurrencyFormatter.swift */ = {isa = PBXFileReference; lastKnownFileType = sourcecode.swift; path = CurrencyFormatter.swift; sourceTree = "<group>"; };
		B08913C627AACCAE008E323B /* BankeyTests.xctest */ = {isa = PBXFileReference; explicitFileType = wrapper.cfbundle; includeInIndex = 0; path = BankeyTests.xctest; sourceTree = BUILT_PRODUCTS_DIR; };
		B09CD6C327A445F40091082B /* LoginView.swift */ = {isa = PBXFileReference; lastKnownFileType = sourcecode.swift; path = LoginView.swift; sourceTree = "<group>"; };
		B0A27BB327A44146005BE7FF /* Bankey.app */ = {isa = PBXFileReference; explicitFileType = wrapper.application; includeInIndex = 0; path = Bankey.app; sourceTree = BUILT_PRODUCTS_DIR; };
		B0A27BB627A44146005BE7FF /* AppDelegate.swift */ = {isa = PBXFileReference; lastKnownFileType = sourcecode.swift; path = AppDelegate.swift; sourceTree = "<group>"; };
		B0A27BBA27A44146005BE7FF /* LoginVC.swift */ = {isa = PBXFileReference; lastKnownFileType = sourcecode.swift; path = LoginVC.swift; sourceTree = "<group>"; };
		B0A27BBF27A44148005BE7FF /* Assets.xcassets */ = {isa = PBXFileReference; lastKnownFileType = folder.assetcatalog; path = Assets.xcassets; sourceTree = "<group>"; };
		B0A27BC227A44148005BE7FF /* Base */ = {isa = PBXFileReference; lastKnownFileType = file.storyboard; name = Base; path = Base.lproj/LaunchScreen.storyboard; sourceTree = "<group>"; };
		B0A27BC427A44148005BE7FF /* Info.plist */ = {isa = PBXFileReference; lastKnownFileType = text.plist.xml; path = Info.plist; sourceTree = "<group>"; };
		B0DEA3EA27A8194F00AFC0A2 /* OnboardingContainerVC.swift */ = {isa = PBXFileReference; lastKnownFileType = sourcecode.swift; path = OnboardingContainerVC.swift; sourceTree = "<group>"; };
/* End PBXFileReference section */

/* Begin PBXFrameworksBuildPhase section */
		B08913C327AACCAE008E323B /* Frameworks */ = {
			isa = PBXFrameworksBuildPhase;
			buildActionMask = 2147483647;
			files = (
			);
			runOnlyForDeploymentPostprocessing = 0;
		};
		B0A27BB027A44146005BE7FF /* Frameworks */ = {
			isa = PBXFrameworksBuildPhase;
			buildActionMask = 2147483647;
			files = (
			);
			runOnlyForDeploymentPostprocessing = 0;
		};
/* End PBXFrameworksBuildPhase section */

/* Begin PBXGroup section */
		B04284AE27A848BD0063F84E /* Utils */ = {
			isa = PBXGroup;
			children = (
				B04284AF27A848CD0063F84E /* LocalState.swift */,
				B04284B327A952260063F84E /* UIViewContoller+Utils.swift */,
				B08913BE27AAB4D7008E323B /* DecimalUtils.swift */,
				B08913C027AAB538008E323B /* CurrencyFormatter.swift */,
			);
			path = Utils;
			sourceTree = "<group>";
		};
		B04284B727A968D50063F84E /* AccountSummary */ = {
			isa = PBXGroup;
			children = (
				B04284B827A969120063F84E /* AccountSummaryVC.swift */,
				B08913B727A9884E008E323B /* Header */,
				B08913B827A98864008E323B /* Cells */,
			);
			path = AccountSummary;
			sourceTree = "<group>";
		};
		B08913B727A9884E008E323B /* Header */ = {
			isa = PBXGroup;
			children = (
				B04284BA27A970B10063F84E /* AccountSummaryHeaderView.swift */,
				B04284BC27A970DE0063F84E /* AccountSummaryHeaderView.xib */,
			);
			path = Header;
			sourceTree = "<group>";
		};
		B08913B827A98864008E323B /* Cells */ = {
			isa = PBXGroup;
			children = (
				B08913B927A9888D008E323B /* AccountSummaryCell.swift */,
			);
			path = Cells;
			sourceTree = "<group>";
		};
		B08913BB27A9A119008E323B /* Model */ = {
			isa = PBXGroup;
			children = (
				B08913BC27A9A131008E323B /* ViewModel.swift */,
			);
			path = Model;
			sourceTree = "<group>";
		};
		B08913C727AACCAE008E323B /* BankeyTests */ = {
			isa = PBXGroup;
			children = (
				B073891D27AAD008003193EB /* CurrencyFormatter.swift */,
			);
			path = BankeyTests;
			sourceTree = "<group>";
		};
		B09CD6C127A445A90091082B /* Supporting */ = {
			isa = PBXGroup;
			children = (
				B0A27BBF27A44148005BE7FF /* Assets.xcassets */,
				B0A27BC127A44148005BE7FF /* LaunchScreen.storyboard */,
			);
			path = Supporting;
			sourceTree = "<group>";
		};
		B09CD6C227A445D50091082B /* Login */ = {
			isa = PBXGroup;
			children = (
				B0A27BBA27A44146005BE7FF /* LoginVC.swift */,
				B09CD6C327A445F40091082B /* LoginView.swift */,
				B04284AC27A842240063F84E /* DummyViewController.swift */,
			);
			path = Login;
			sourceTree = "<group>";
		};
		B0A27BAA27A44146005BE7FF = {
			isa = PBXGroup;
			children = (
				B0A27BB527A44146005BE7FF /* Bankey */,
				B08913C727AACCAE008E323B /* BankeyTests */,
				B0A27BB427A44146005BE7FF /* Products */,
			);
			sourceTree = "<group>";
		};
		B0A27BB427A44146005BE7FF /* Products */ = {
			isa = PBXGroup;
			children = (
				B0A27BB327A44146005BE7FF /* Bankey.app */,
				B08913C627AACCAE008E323B /* BankeyTests.xctest */,
			);
			name = Products;
			sourceTree = "<group>";
		};
		B0A27BB527A44146005BE7FF /* Bankey */ = {
			isa = PBXGroup;
			children = (
				B04284B527A954450063F84E /* MainVC.swift */,
				B0A27BB627A44146005BE7FF /* AppDelegate.swift */,
				B08913BB27A9A119008E323B /* Model */,
				B09CD6C227A445D50091082B /* Login */,
				B0DEA3E927A8190C00AFC0A2 /* Onboarding */,
				B04284B727A968D50063F84E /* AccountSummary */,
				B04284AE27A848BD0063F84E /* Utils */,
				B09CD6C127A445A90091082B /* Supporting */,
				B0A27BC427A44148005BE7FF /* Info.plist */,
			);
			path = Bankey;
			sourceTree = "<group>";
		};
		B0DEA3E927A8190C00AFC0A2 /* Onboarding */ = {
			isa = PBXGroup;
			children = (
				B0DEA3EA27A8194F00AFC0A2 /* OnboardingContainerVC.swift */,
				B04284AA27A823D40063F84E /* OnboardingVC.swift */,
			);
			path = Onboarding;
			sourceTree = "<group>";
		};
/* End PBXGroup section */

/* Begin PBXNativeTarget section */
		B08913C527AACCAE008E323B /* BankeyTests */ = {
			isa = PBXNativeTarget;
			buildConfigurationList = B08913CC27AACCAE008E323B /* Build configuration list for PBXNativeTarget "BankeyTests" */;
			buildPhases = (
				B08913C227AACCAE008E323B /* Sources */,
				B08913C327AACCAE008E323B /* Frameworks */,
				B08913C427AACCAE008E323B /* Resources */,
			);
			buildRules = (
			);
			dependencies = (
				B08913CB27AACCAE008E323B /* PBXTargetDependency */,
			);
			name = BankeyTests;
			productName = BankeyTests;
			productReference = B08913C627AACCAE008E323B /* BankeyTests.xctest */;
			productType = "com.apple.product-type.bundle.unit-test";
		};
		B0A27BB227A44146005BE7FF /* Bankey */ = {
			isa = PBXNativeTarget;
			buildConfigurationList = B0A27BC727A44148005BE7FF /* Build configuration list for PBXNativeTarget "Bankey" */;
			buildPhases = (
				B0A27BAF27A44146005BE7FF /* Sources */,
				B0A27BB027A44146005BE7FF /* Frameworks */,
				B0A27BB127A44146005BE7FF /* Resources */,
			);
			buildRules = (
			);
			dependencies = (
			);
			name = Bankey;
			productName = Bankey;
			productReference = B0A27BB327A44146005BE7FF /* Bankey.app */;
			productType = "com.apple.product-type.application";
		};
/* End PBXNativeTarget section */

/* Begin PBXProject section */
		B0A27BAB27A44146005BE7FF /* Project object */ = {
			isa = PBXProject;
			attributes = {
				BuildIndependentTargetsInParallel = 1;
				LastSwiftUpdateCheck = 1310;
				LastUpgradeCheck = 1310;
				TargetAttributes = {
					B08913C527AACCAE008E323B = {
						CreatedOnToolsVersion = 13.1;
						LastSwiftMigration = 1310;
						TestTargetID = B0A27BB227A44146005BE7FF;
					};
					B0A27BB227A44146005BE7FF = {
						CreatedOnToolsVersion = 13.1;
					};
				};
			};
			buildConfigurationList = B0A27BAE27A44146005BE7FF /* Build configuration list for PBXProject "Bankey" */;
			compatibilityVersion = "Xcode 13.0";
			developmentRegion = en;
			hasScannedForEncodings = 0;
			knownRegions = (
				en,
				Base,
			);
			mainGroup = B0A27BAA27A44146005BE7FF;
			productRefGroup = B0A27BB427A44146005BE7FF /* Products */;
			projectDirPath = "";
			projectRoot = "";
			targets = (
				B0A27BB227A44146005BE7FF /* Bankey */,
				B08913C527AACCAE008E323B /* BankeyTests */,
			);
		};
/* End PBXProject section */

/* Begin PBXResourcesBuildPhase section */
		B08913C427AACCAE008E323B /* Resources */ = {
			isa = PBXResourcesBuildPhase;
			buildActionMask = 2147483647;
			files = (
			);
			runOnlyForDeploymentPostprocessing = 0;
		};
		B0A27BB127A44146005BE7FF /* Resources */ = {
			isa = PBXResourcesBuildPhase;
			buildActionMask = 2147483647;
			files = (
				B04284BD27A970DE0063F84E /* AccountSummaryHeaderView.xib in Resources */,
				B0A27BC327A44148005BE7FF /* LaunchScreen.storyboard in Resources */,
				B0A27BC027A44148005BE7FF /* Assets.xcassets in Resources */,
			);
			runOnlyForDeploymentPostprocessing = 0;
		};
/* End PBXResourcesBuildPhase section */

/* Begin PBXSourcesBuildPhase section */
		B08913C227AACCAE008E323B /* Sources */ = {
			isa = PBXSourcesBuildPhase;
			buildActionMask = 2147483647;
			files = (
				B073891E27AAD008003193EB /* CurrencyFormatter.swift in Sources */,
			);
			runOnlyForDeploymentPostprocessing = 0;
		};
		B0A27BAF27A44146005BE7FF /* Sources */ = {
			isa = PBXSourcesBuildPhase;
			buildActionMask = 2147483647;
			files = (
				B09CD6C427A445F50091082B /* LoginView.swift in Sources */,
				B04284B027A848CD0063F84E /* LocalState.swift in Sources */,
				B04284AD27A842240063F84E /* DummyViewController.swift in Sources */,
				B04284BB27A970B10063F84E /* AccountSummaryHeaderView.swift in Sources */,
				B08913C127AAB538008E323B /* CurrencyFormatter.swift in Sources */,
				B0DEA3EB27A8194F00AFC0A2 /* OnboardingContainerVC.swift in Sources */,
				B04284B627A954450063F84E /* MainVC.swift in Sources */,
				B08913BD27A9A131008E323B /* ViewModel.swift in Sources */,
				B08913BF27AAB4D7008E323B /* DecimalUtils.swift in Sources */,
				B08913BA27A9888D008E323B /* AccountSummaryCell.swift in Sources */,
				B04284AB27A823D40063F84E /* OnboardingVC.swift in Sources */,
				B04284B427A952260063F84E /* UIViewContoller+Utils.swift in Sources */,
				B0A27BBB27A44146005BE7FF /* LoginVC.swift in Sources */,
				B0A27BB727A44146005BE7FF /* AppDelegate.swift in Sources */,
				B04284B927A969120063F84E /* AccountSummaryVC.swift in Sources */,
			);
			runOnlyForDeploymentPostprocessing = 0;
		};
/* End PBXSourcesBuildPhase section */

/* Begin PBXTargetDependency section */
		B08913CB27AACCAE008E323B /* PBXTargetDependency */ = {
			isa = PBXTargetDependency;
			target = B0A27BB227A44146005BE7FF /* Bankey */;
			targetProxy = B08913CA27AACCAE008E323B /* PBXContainerItemProxy */;
		};
/* End PBXTargetDependency section */

/* Begin PBXVariantGroup section */
		B0A27BC127A44148005BE7FF /* LaunchScreen.storyboard */ = {
			isa = PBXVariantGroup;
			children = (
				B0A27BC227A44148005BE7FF /* Base */,
			);
			name = LaunchScreen.storyboard;
			sourceTree = "<group>";
		};
/* End PBXVariantGroup section */

/* Begin XCBuildConfiguration section */
		B08913CD27AACCAE008E323B /* Debug */ = {
			isa = XCBuildConfiguration;
			buildSettings = {
				BUNDLE_LOADER = "$(TEST_HOST)";
				CLANG_ENABLE_MODULES = YES;
				CODE_SIGN_STYLE = Automatic;
				CURRENT_PROJECT_VERSION = 1;
				GENERATE_INFOPLIST_FILE = YES;
				LD_RUNPATH_SEARCH_PATHS = (
					"$(inherited)",
					"@executable_path/Frameworks",
					"@loader_path/Frameworks",
				);
				MARKETING_VERSION = 1.0;
				PRODUCT_BUNDLE_IDENTIFIER = "denny-task.BankeyTests";
				PRODUCT_NAME = "$(TARGET_NAME)";
				SWIFT_EMIT_LOC_STRINGS = NO;
				SWIFT_OPTIMIZATION_LEVEL = "-Onone";
				SWIFT_VERSION = 5.0;
				TARGETED_DEVICE_FAMILY = "1,2";
				TEST_HOST = "$(BUILT_PRODUCTS_DIR)/Bankey.app/Bankey";
			};
			name = Debug;
		};
		B08913CE27AACCAE008E323B /* Release */ = {
			isa = XCBuildConfiguration;
			buildSettings = {
				BUNDLE_LOADER = "$(TEST_HOST)";
				CLANG_ENABLE_MODULES = YES;
				CODE_SIGN_STYLE = Automatic;
				CURRENT_PROJECT_VERSION = 1;
				GENERATE_INFOPLIST_FILE = YES;
				LD_RUNPATH_SEARCH_PATHS = (
					"$(inherited)",
					"@executable_path/Frameworks",
					"@loader_path/Frameworks",
				);
				MARKETING_VERSION = 1.0;
				PRODUCT_BUNDLE_IDENTIFIER = "denny-task.BankeyTests";
				PRODUCT_NAME = "$(TARGET_NAME)";
				SWIFT_EMIT_LOC_STRINGS = NO;
				SWIFT_VERSION = 5.0;
				TARGETED_DEVICE_FAMILY = "1,2";
				TEST_HOST = "$(BUILT_PRODUCTS_DIR)/Bankey.app/Bankey";
			};
			name = Release;
		};
		B0A27BC527A44148005BE7FF /* Debug */ = {
			isa = XCBuildConfiguration;
			buildSettings = {
				ALWAYS_SEARCH_USER_PATHS = NO;
				CLANG_ANALYZER_NONNULL = YES;
				CLANG_ANALYZER_NUMBER_OBJECT_CONVERSION = YES_AGGRESSIVE;
				CLANG_CXX_LANGUAGE_STANDARD = "gnu++17";
				CLANG_CXX_LIBRARY = "libc++";
				CLANG_ENABLE_MODULES = YES;
				CLANG_ENABLE_OBJC_ARC = YES;
				CLANG_ENABLE_OBJC_WEAK = YES;
				CLANG_WARN_BLOCK_CAPTURE_AUTORELEASING = YES;
				CLANG_WARN_BOOL_CONVERSION = YES;
				CLANG_WARN_COMMA = YES;
				CLANG_WARN_CONSTANT_CONVERSION = YES;
				CLANG_WARN_DEPRECATED_OBJC_IMPLEMENTATIONS = YES;
				CLANG_WARN_DIRECT_OBJC_ISA_USAGE = YES_ERROR;
				CLANG_WARN_DOCUMENTATION_COMMENTS = YES;
				CLANG_WARN_EMPTY_BODY = YES;
				CLANG_WARN_ENUM_CONVERSION = YES;
				CLANG_WARN_INFINITE_RECURSION = YES;
				CLANG_WARN_INT_CONVERSION = YES;
				CLANG_WARN_NON_LITERAL_NULL_CONVERSION = YES;
				CLANG_WARN_OBJC_IMPLICIT_RETAIN_SELF = YES;
				CLANG_WARN_OBJC_LITERAL_CONVERSION = YES;
				CLANG_WARN_OBJC_ROOT_CLASS = YES_ERROR;
				CLANG_WARN_QUOTED_INCLUDE_IN_FRAMEWORK_HEADER = YES;
				CLANG_WARN_RANGE_LOOP_ANALYSIS = YES;
				CLANG_WARN_STRICT_PROTOTYPES = YES;
				CLANG_WARN_SUSPICIOUS_MOVE = YES;
				CLANG_WARN_UNGUARDED_AVAILABILITY = YES_AGGRESSIVE;
				CLANG_WARN_UNREACHABLE_CODE = YES;
				CLANG_WARN__DUPLICATE_METHOD_MATCH = YES;
				COPY_PHASE_STRIP = NO;
				DEBUG_INFORMATION_FORMAT = dwarf;
				ENABLE_STRICT_OBJC_MSGSEND = YES;
				ENABLE_TESTABILITY = YES;
				GCC_C_LANGUAGE_STANDARD = gnu11;
				GCC_DYNAMIC_NO_PIC = NO;
				GCC_NO_COMMON_BLOCKS = YES;
				GCC_OPTIMIZATION_LEVEL = 0;
				GCC_PREPROCESSOR_DEFINITIONS = (
					"DEBUG=1",
					"$(inherited)",
				);
				GCC_WARN_64_TO_32_BIT_CONVERSION = YES;
				GCC_WARN_ABOUT_RETURN_TYPE = YES_ERROR;
				GCC_WARN_UNDECLARED_SELECTOR = YES;
				GCC_WARN_UNINITIALIZED_AUTOS = YES_AGGRESSIVE;
				GCC_WARN_UNUSED_FUNCTION = YES;
				GCC_WARN_UNUSED_VARIABLE = YES;
				IPHONEOS_DEPLOYMENT_TARGET = 15.0;
				MTL_ENABLE_DEBUG_INFO = INCLUDE_SOURCE;
				MTL_FAST_MATH = YES;
				ONLY_ACTIVE_ARCH = YES;
				SDKROOT = iphoneos;
				SWIFT_ACTIVE_COMPILATION_CONDITIONS = DEBUG;
				SWIFT_OPTIMIZATION_LEVEL = "-Onone";
			};
			name = Debug;
		};
		B0A27BC627A44148005BE7FF /* Release */ = {
			isa = XCBuildConfiguration;
			buildSettings = {
				ALWAYS_SEARCH_USER_PATHS = NO;
				CLANG_ANALYZER_NONNULL = YES;
				CLANG_ANALYZER_NUMBER_OBJECT_CONVERSION = YES_AGGRESSIVE;
				CLANG_CXX_LANGUAGE_STANDARD = "gnu++17";
				CLANG_CXX_LIBRARY = "libc++";
				CLANG_ENABLE_MODULES = YES;
				CLANG_ENABLE_OBJC_ARC = YES;
				CLANG_ENABLE_OBJC_WEAK = YES;
				CLANG_WARN_BLOCK_CAPTURE_AUTORELEASING = YES;
				CLANG_WARN_BOOL_CONVERSION = YES;
				CLANG_WARN_COMMA = YES;
				CLANG_WARN_CONSTANT_CONVERSION = YES;
				CLANG_WARN_DEPRECATED_OBJC_IMPLEMENTATIONS = YES;
				CLANG_WARN_DIRECT_OBJC_ISA_USAGE = YES_ERROR;
				CLANG_WARN_DOCUMENTATION_COMMENTS = YES;
				CLANG_WARN_EMPTY_BODY = YES;
				CLANG_WARN_ENUM_CONVERSION = YES;
				CLANG_WARN_INFINITE_RECURSION = YES;
				CLANG_WARN_INT_CONVERSION = YES;
				CLANG_WARN_NON_LITERAL_NULL_CONVERSION = YES;
				CLANG_WARN_OBJC_IMPLICIT_RETAIN_SELF = YES;
				CLANG_WARN_OBJC_LITERAL_CONVERSION = YES;
				CLANG_WARN_OBJC_ROOT_CLASS = YES_ERROR;
				CLANG_WARN_QUOTED_INCLUDE_IN_FRAMEWORK_HEADER = YES;
				CLANG_WARN_RANGE_LOOP_ANALYSIS = YES;
				CLANG_WARN_STRICT_PROTOTYPES = YES;
				CLANG_WARN_SUSPICIOUS_MOVE = YES;
				CLANG_WARN_UNGUARDED_AVAILABILITY = YES_AGGRESSIVE;
				CLANG_WARN_UNREACHABLE_CODE = YES;
				CLANG_WARN__DUPLICATE_METHOD_MATCH = YES;
				COPY_PHASE_STRIP = NO;
				DEBUG_INFORMATION_FORMAT = "dwarf-with-dsym";
				ENABLE_NS_ASSERTIONS = NO;
				ENABLE_STRICT_OBJC_MSGSEND = YES;
				GCC_C_LANGUAGE_STANDARD = gnu11;
				GCC_NO_COMMON_BLOCKS = YES;
				GCC_WARN_64_TO_32_BIT_CONVERSION = YES;
				GCC_WARN_ABOUT_RETURN_TYPE = YES_ERROR;
				GCC_WARN_UNDECLARED_SELECTOR = YES;
				GCC_WARN_UNINITIALIZED_AUTOS = YES_AGGRESSIVE;
				GCC_WARN_UNUSED_FUNCTION = YES;
				GCC_WARN_UNUSED_VARIABLE = YES;
				IPHONEOS_DEPLOYMENT_TARGET = 15.0;
				MTL_ENABLE_DEBUG_INFO = NO;
				MTL_FAST_MATH = YES;
				SDKROOT = iphoneos;
				SWIFT_COMPILATION_MODE = wholemodule;
				SWIFT_OPTIMIZATION_LEVEL = "-O";
				VALIDATE_PRODUCT = YES;
			};
			name = Release;
		};
		B0A27BC827A44148005BE7FF /* Debug */ = {
			isa = XCBuildConfiguration;
			buildSettings = {
				ASSETCATALOG_COMPILER_APPICON_NAME = AppIcon;
				ASSETCATALOG_COMPILER_GLOBAL_ACCENT_COLOR_NAME = AccentColor;
				CODE_SIGN_STYLE = Automatic;
				CURRENT_PROJECT_VERSION = 1;
				GENERATE_INFOPLIST_FILE = YES;
				INFOPLIST_FILE = Bankey/Info.plist;
				INFOPLIST_KEY_UIApplicationSupportsIndirectInputEvents = YES;
				INFOPLIST_KEY_UILaunchStoryboardName = LaunchScreen;
				INFOPLIST_KEY_UISupportedInterfaceOrientations_iPad = "UIInterfaceOrientationPortrait UIInterfaceOrientationPortraitUpsideDown UIInterfaceOrientationLandscapeLeft UIInterfaceOrientationLandscapeRight";
				INFOPLIST_KEY_UISupportedInterfaceOrientations_iPhone = "UIInterfaceOrientationPortrait UIInterfaceOrientationLandscapeLeft UIInterfaceOrientationLandscapeRight";
				LD_RUNPATH_SEARCH_PATHS = (
					"$(inherited)",
					"@executable_path/Frameworks",
				);
				MARKETING_VERSION = 1.0;
				PRODUCT_BUNDLE_IDENTIFIER = "denny-task.Bankey";
				PRODUCT_NAME = "$(TARGET_NAME)";
				SWIFT_EMIT_LOC_STRINGS = YES;
				SWIFT_VERSION = 5.0;
				TARGETED_DEVICE_FAMILY = "1,2";
			};
			name = Debug;
		};
		B0A27BC927A44148005BE7FF /* Release */ = {
			isa = XCBuildConfiguration;
			buildSettings = {
				ASSETCATALOG_COMPILER_APPICON_NAME = AppIcon;
				ASSETCATALOG_COMPILER_GLOBAL_ACCENT_COLOR_NAME = AccentColor;
				CODE_SIGN_STYLE = Automatic;
				CURRENT_PROJECT_VERSION = 1;
				GENERATE_INFOPLIST_FILE = YES;
				INFOPLIST_FILE = Bankey/Info.plist;
				INFOPLIST_KEY_UIApplicationSupportsIndirectInputEvents = YES;
				INFOPLIST_KEY_UILaunchStoryboardName = LaunchScreen;
				INFOPLIST_KEY_UISupportedInterfaceOrientations_iPad = "UIInterfaceOrientationPortrait UIInterfaceOrientationPortraitUpsideDown UIInterfaceOrientationLandscapeLeft UIInterfaceOrientationLandscapeRight";
				INFOPLIST_KEY_UISupportedInterfaceOrientations_iPhone = "UIInterfaceOrientationPortrait UIInterfaceOrientationLandscapeLeft UIInterfaceOrientationLandscapeRight";
				LD_RUNPATH_SEARCH_PATHS = (
					"$(inherited)",
					"@executable_path/Frameworks",
				);
				MARKETING_VERSION = 1.0;
				PRODUCT_BUNDLE_IDENTIFIER = "denny-task.Bankey";
				PRODUCT_NAME = "$(TARGET_NAME)";
				SWIFT_EMIT_LOC_STRINGS = YES;
				SWIFT_VERSION = 5.0;
				TARGETED_DEVICE_FAMILY = "1,2";
			};
			name = Release;
		};
/* End XCBuildConfiguration section */

/* Begin XCConfigurationList section */
		B08913CC27AACCAE008E323B /* Build configuration list for PBXNativeTarget "BankeyTests" */ = {
			isa = XCConfigurationList;
			buildConfigurations = (
				B08913CD27AACCAE008E323B /* Debug */,
				B08913CE27AACCAE008E323B /* Release */,
			);
			defaultConfigurationIsVisible = 0;
			defaultConfigurationName = Release;
		};
		B0A27BAE27A44146005BE7FF /* Build configuration list for PBXProject "Bankey" */ = {
			isa = XCConfigurationList;
			buildConfigurations = (
				B0A27BC527A44148005BE7FF /* Debug */,
				B0A27BC627A44148005BE7FF /* Release */,
			);
			defaultConfigurationIsVisible = 0;
			defaultConfigurationName = Release;
		};
		B0A27BC727A44148005BE7FF /* Build configuration list for PBXNativeTarget "Bankey" */ = {
			isa = XCConfigurationList;
			buildConfigurations = (
				B0A27BC827A44148005BE7FF /* Debug */,
				B0A27BC927A44148005BE7FF /* Release */,
			);
			defaultConfigurationIsVisible = 0;
			defaultConfigurationName = Release;
		};
/* End XCConfigurationList section */
	};
	rootObject = B0A27BAB27A44146005BE7FF /* Project object */;
}
